
Microsoft Visual Studio Solution File, Format Version 12.00
# Visual Studio Version 17
VisualStudioVersion = 17.7.34024.191
MinimumVisualStudioVersion = 10.0.40219.1
Project("{FAE04EC0-301F-11D3-BF4B-00C04F79EFBC}") = "2323", "2323\2323.csproj", "{1E2BCA9B-BB29-4CD6-8295-844ABB5AD72F}"
EndProject
Global
	GlobalSection(SolutionConfigurationPlatforms) = preSolution
		Debug|Any CPU = Debug|Any CPU
		Release|Any CPU = Release|Any CPU
	EndGlobalSection
	GlobalSection(ProjectConfigurationPlatforms) = postSolution
		{1E2BCA9B-BB29-4CD6-8295-844ABB5AD72F}.Debug|Any CPU.ActiveCfg = Debug|Any CPU
		{1E2BCA9B-BB29-4CD6-8295-844ABB5AD72F}.Debug|Any CPU.Build.0 = Debug|Any CPU
		{1E2BCA9B-BB29-4CD6-8295-844ABB5AD72F}.Release|Any CPU.ActiveCfg = Release|Any CPU
		{1E2BCA9B-BB29-4CD6-8295-844ABB5AD72F}.Release|Any CPU.Build.0 = Release|Any CPU
	EndGlobalSection
	GlobalSection(SolutionProperties) = preSolution
		HideSolutionNode = FALSE
	EndGlobalSection
	GlobalSection(ExtensibilityGlobals) = postSolution
		SolutionGuid = {DA73560B-E459-4D0A-8E98-67E0F46D818C}
	EndGlobalSection
EndGlobal
